
Microsoft Visual Studio Solution File, Format Version 12.00
# Visual Studio 15
VisualStudioVersion = 15.0.28307.271
MinimumVisualStudioVersion = 10.0.40219.1
Project("{2150E333-8FDC-42A3-9474-1A3956D46DE8}") = "Solution Items", "Solution Items", "{5F5FE512-7A63-4C77-B5A0-F7993451FE03}"
	ProjectSection(SolutionItems) = preProject
		..\..\..\..\..\..\..\WebTechnologies ll\practice\HTMLPage1.html = ..\..\..\..\..\..\..\WebTechnologies ll\practice\HTMLPage1.html
		Script1.js = Script1.js
	EndProjectSection
EndProject
Global
	GlobalSection(SolutionProperties) = preSolution
		HideSolutionNode = FALSE
	EndGlobalSection
	GlobalSection(ExtensibilityGlobals) = postSolution
		SolutionGuid = {8FA50A39-8DF4-4948-BD65-221DEF39B401}
	EndGlobalSection
EndGlobal
